Microsoft Visual Studio Solution File, Format Version 11.00
# Visual Studio 2008

Project("{A4DB2121-6295-42D3-EBDC-F4E93890E4DA}") = "Bathroom", "Assembly-UnityScript.unityproj", "{8AAF4629-A918-921B-0BCD-D69B60DDB412}"
EndProject
Global
	GlobalSection(SolutionConfigurationPlatforms) = preSolution
		Debug|Any CPU = Debug|Any CPU
		Release|Any CPU = Release|Any CPU
	EndGlobalSection
	GlobalSection(ProjectConfigurationPlatforms) = postSolution
		{8AAF4629-A918-921B-0BCD-D69B60DDB412}.Debug|Any CPU.ActiveCfg = Debug|Any CPU
		{8AAF4629-A918-921B-0BCD-D69B60DDB412}.Debug|Any CPU.Build.0 = Debug|Any CPU
		{8AAF4629-A918-921B-0BCD-D69B60DDB412}.Release|Any CPU.ActiveCfg = Release|Any CPU
		{8AAF4629-A918-921B-0BCD-D69B60DDB412}.Release|Any CPU.Build.0 = Release|Any CPU
	EndGlobalSection
	GlobalSection(SolutionProperties) = preSolution
		HideSolutionNode = FALSE
	EndGlobalSection
	GlobalSection(MonoDevelopProperties) = preSolution
		StartupItem = Assembly-CSharp.csproj
	EndGlobalSection
EndGlobal
